{
    "name": "@types/qcobjects-api",
    "version": "1.0.0",
    "lockfileVersion": 3,
    "requires": true,
    "packages": {
        "": {
            "name": "@types/qcobjects-api",
            "version": "1.0.0",
            "license": "LGPL-3.0",
            "dependencies": {
                "@types/node": "^18.16.2"
            },
            "devDependencies": {
                "@types/qcobjects": "github:QCObjects/-types-qcobjects",
                "qcobjects-cli": "^2.4.42"
            }
        },
        "node_modules/@types/node": {
            "version": "18.16.2",
            "resolved": "https://registry.npmjs.org/@types/node/-/node-18.16.2.tgz",
            "integrity": "sha512-GQW/JL/5Fz/0I8RpeBG9lKp0+aNcXEaVL71c0D2Q0QHDTFvlYKT7an0onCUXj85anv7b4/WesqdfchLc0jtsCg=="
        },
        "node_modules/@types/qcobjects": {
            "version": "2.4.1",
            "resolved": "git+ssh://git@github.com/QCObjects/-types-qcobjects.git#f2e106ed0fff1aea5d6a0836190fa3134e651b3c",
            "dev": true,
            "license": "LGPL-3.0"
        },
        "node_modules/@types/qcobjects-sdk": {
            "version": "2.4.1",
            "resolved": "git+ssh://git@github.com/QCObjects/-types-qcobjects-sdk.git#03f545de0149da6dcc1a78c09e22835e30da806f",
            "dev": true,
            "license": "LGPL-3.0",
            "peer": true
        },
        "node_modules/commander": {
            "version": "10.0.1",
            "resolved": "https://registry.npmjs.org/commander/-/commander-10.0.1.tgz",
            "integrity": "sha512-y4Mg2tXshplEbSGzx7amzPwKKOCGuoSRP/CjEdwwk0FOGlUbq6lKuoyDZTNZkmxHdJtp54hdfY/JUrdL7Xfdug==",
            "dev": true,
            "engines": {
                "node": ">=14"
            }
        },
        "node_modules/mime": {
            "version": "2.6.0",
            "resolved": "https://registry.npmjs.org/mime/-/mime-2.6.0.tgz",
            "integrity": "sha512-USPkMeET31rOMiarsBNIHZKLGgvKc/LrjofAnBlOttf5ajRvqiRA8QsenbcooctK6d6Ts6aqZXBA+XbkKthiQg==",
            "dev": true,
            "bin": {
                "mime": "cli.js"
            },
            "engines": {
                "node": ">=4.0.0"
            }
        },
        "node_modules/qcobjects": {
            "version": "2.4.69",
            "resolved": "https://registry.npmjs.org/qcobjects/-/qcobjects-2.4.69.tgz",
            "integrity": "sha512-058NHoli64XFxkAzYm/2MRTew5MYGaYdPCVHqa/OXnhjVR6472r78louoFK8dnORCPeCZ9i9rfcziuLVdE3fCQ==",
            "dev": true,
            "engines": {
                "node": ">=18",
                "npm": ">=9"
            },
            "peerDependencies": {
                "@types/qcobjects": "github:QCObjects/-types-qcobjects",
                "@types/qcobjects-sdk": "github:QCObjects/-types-qcobjects-sdk",
                "qcobjects-sdk": "^2.3.30"
            }
        },
        "node_modules/qcobjects-cli": {
            "version": "2.4.42",
            "resolved": "https://registry.npmjs.org/qcobjects-cli/-/qcobjects-cli-2.4.42.tgz",
            "integrity": "sha512-1nK25oeYtQhRr+EFBCjmRapKxpWYHcM0fb6TG4oCxuAuAmFJN+Vtd/7HoG4did2py9bgmXwIIjOsYtBtf+fH6A==",
            "dev": true,
            "dependencies": {
                "commander": "^10.0.1",
                "mime": "^2.4.7",
                "qcobjects": "^2.4.68",
                "qcobjects-sdk": "^2.4.33",
                "yaml": "^2.2.2"
            },
            "bin": {
                "qco": "src/qcobjects-cli.js",
                "qcobjects": "src/qcobjects-cli.js",
                "qcobjects-cli": "src/qcobjects-cli.js",
                "qcobjects-collab": "src/qcobjects-collab.js",
                "qcobjects-createcert": "src/qcobjects-createcert.js",
                "qcobjects-gae-server": "src/qcobjects-gae-http-server.js",
                "qcobjects-http-server": "src/qcobjects-http-server.js",
                "qcobjects-http2-server": "src/qcobjects-http2-server.js",
                "qcobjects-server": "src/qcobjects-http2-server.js",
                "qcobjects-shell": "src/qcobjects-shell.js"
            },
            "engines": {
                "node": ">=18",
                "npm": ">=9"
            },
            "peerDependencies": {
                "qcobjects": "^2.4.68",
                "qcobjects-sdk": "^2.4.33"
            }
        },
        "node_modules/qcobjects-sdk": {
            "version": "2.4.34",
            "resolved": "https://registry.npmjs.org/qcobjects-sdk/-/qcobjects-sdk-2.4.34.tgz",
            "integrity": "sha512-4DuioOUsR4k5xi13FG4lJR5mDgVMzHfr4f8aMzi+RHW4vZo5xDkmk2IQuOQmU4QexWMuO4nggA+PAtEIen+AJA==",
            "dev": true,
            "peerDependencies": {
                "qcobjects": "^2.4.67"
            }
        },
        "node_modules/yaml": {
            "version": "2.2.2",
            "resolved": "https://registry.npmjs.org/yaml/-/yaml-2.2.2.tgz",
            "integrity": "sha512-CBKFWExMn46Foo4cldiChEzn7S7SRV+wqiluAb6xmueD/fGyRHIhX8m14vVGgeFWjN540nKCNVj6P21eQjgTuA==",
            "dev": true,
            "engines": {
                "node": ">= 14"
            }
        }
    }
}
